
Microsoft Visual Studio Solution File, Format Version 12.00
# Visual Studio Version 17
VisualStudioVersion = 17.0.31903.59
MinimumVisualStudioVersion = 10.0.40219.1
Project("{2150E333-8FDC-42A3-9474-1A3956D46DE8}") = "Service", "Service", "{226567F5-DD15-7888-5BF1-C4407778305A}"
EndProject
Project("{2150E333-8FDC-42A3-9474-1A3956D46DE8}") = "src", "src", "{06FA278B-6512-19AD-3E11-13C005693F38}"
EndProject
Project("{FAE04EC0-301F-11D3-BF4B-00C04F79EFBC}") = "Bingo.Infrastructure", "Service\src\Bingo.Infrastructure\Bingo.Infrastructure.csproj", "{239786A9-9C43-461E-8A3E-BF7C31681208}"
EndProject
Project("{FAE04EC0-301F-11D3-BF4B-00C04F79EFBC}") = "Bingo.Domain", "Service\src\Bingo.Domain\Bingo.Domain.csproj", "{23AED733-2B15-44D3-B4DC-A99628954DC0}"
EndProject
Project("{FAE04EC0-301F-11D3-BF4B-00C04F79EFBC}") = "Bingo.Api", "Service\src\Bingo.Api\Bingo.Api.csproj", "{EDCB6A9F-CC1D-4A15-9219-E591541FD6CA}"
EndProject
Project("{FAE04EC0-301F-11D3-BF4B-00C04F79EFBC}") = "Bingo.Application", "Service\src\Bingo.Application\Bingo.Application.csproj", "{84C5B326-98C7-4D0F-8195-CE63CF913876}"
EndProject
Project("{FAE04EC0-301F-11D3-BF4B-00C04F79EFBC}") = "Bingo.Client", "Client\src\Bingo.Client\Bingo.Client.csproj", "{089FB508-C330-4534-AC0A-8AD556972D3C}"
EndProject
Global
	GlobalSection(SolutionConfigurationPlatforms) = preSolution
		Debug|Any CPU = Debug|Any CPU
		Debug|x64 = Debug|x64
		Debug|x86 = Debug|x86
		Release|Any CPU = Release|Any CPU
		Release|x64 = Release|x64
		Release|x86 = Release|x86
	EndGlobalSection
	GlobalSection(ProjectConfigurationPlatforms) = postSolution
		{239786A9-9C43-461E-8A3E-BF7C31681208}.Debug|Any CPU.ActiveCfg = Debug|Any CPU
		{239786A9-9C43-461E-8A3E-BF7C31681208}.Debug|Any CPU.Build.0 = Debug|Any CPU
		{239786A9-9C43-461E-8A3E-BF7C31681208}.Debug|x64.ActiveCfg = Debug|Any CPU
		{239786A9-9C43-461E-8A3E-BF7C31681208}.Debug|x64.Build.0 = Debug|Any CPU
		{239786A9-9C43-461E-8A3E-BF7C31681208}.Debug|x86.ActiveCfg = Debug|Any CPU
		{239786A9-9C43-461E-8A3E-BF7C31681208}.Debug|x86.Build.0 = Debug|Any CPU
		{239786A9-9C43-461E-8A3E-BF7C31681208}.Release|Any CPU.ActiveCfg = Release|Any CPU
		{239786A9-9C43-461E-8A3E-BF7C31681208}.Release|Any CPU.Build.0 = Release|Any CPU
		{239786A9-9C43-461E-8A3E-BF7C31681208}.Release|x64.ActiveCfg = Release|Any CPU
		{239786A9-9C43-461E-8A3E-BF7C31681208}.Release|x64.Build.0 = Release|Any CPU
		{239786A9-9C43-461E-8A3E-BF7C31681208}.Release|x86.ActiveCfg = Release|Any CPU
		{239786A9-9C43-461E-8A3E-BF7C31681208}.Release|x86.Build.0 = Release|Any CPU
		{23AED733-2B15-44D3-B4DC-A99628954DC0}.Debug|Any CPU.ActiveCfg = Debug|Any CPU
		{23AED733-2B15-44D3-B4DC-A99628954DC0}.Debug|Any CPU.Build.0 = Debug|Any CPU
		{23AED733-2B15-44D3-B4DC-A99628954DC0}.Debug|x64.ActiveCfg = Debug|Any CPU
		{23AED733-2B15-44D3-B4DC-A99628954DC0}.Debug|x64.Build.0 = Debug|Any CPU
		{23AED733-2B15-44D3-B4DC-A99628954DC0}.Debug|x86.ActiveCfg = Debug|Any CPU
		{23AED733-2B15-44D3-B4DC-A99628954DC0}.Debug|x86.Build.0 = Debug|Any CPU
		{23AED733-2B15-44D3-B4DC-A99628954DC0}.Release|Any CPU.ActiveCfg = Release|Any CPU
		{23AED733-2B15-44D3-B4DC-A99628954DC0}.Release|Any CPU.Build.0 = Release|Any CPU
		{23AED733-2B15-44D3-B4DC-A99628954DC0}.Release|x64.ActiveCfg = Release|Any CPU
		{23AED733-2B15-44D3-B4DC-A99628954DC0}.Release|x64.Build.0 = Release|Any CPU
		{23AED733-2B15-44D3-B4DC-A99628954DC0}.Release|x86.ActiveCfg = Release|Any CPU
		{23AED733-2B15-44D3-B4DC-A99628954DC0}.Release|x86.Build.0 = Release|Any CPU
		{EDCB6A9F-CC1D-4A15-9219-E591541FD6CA}.Debug|Any CPU.ActiveCfg = Debug|Any CPU
		{EDCB6A9F-CC1D-4A15-9219-E591541FD6CA}.Debug|Any CPU.Build.0 = Debug|Any CPU
		{EDCB6A9F-CC1D-4A15-9219-E591541FD6CA}.Debug|x64.ActiveCfg = Debug|Any CPU
		{EDCB6A9F-CC1D-4A15-9219-E591541FD6CA}.Debug|x64.Build.0 = Debug|Any CPU
		{EDCB6A9F-CC1D-4A15-9219-E591541FD6CA}.Debug|x86.ActiveCfg = Debug|Any CPU
		{EDCB6A9F-CC1D-4A15-9219-E591541FD6CA}.Debug|x86.Build.0 = Debug|Any CPU
		{EDCB6A9F-CC1D-4A15-9219-E591541FD6CA}.Release|Any CPU.ActiveCfg = Release|Any CPU
		{EDCB6A9F-CC1D-4A15-9219-E591541FD6CA}.Release|Any CPU.Build.0 = Release|Any CPU
		{EDCB6A9F-CC1D-4A15-9219-E591541FD6CA}.Release|x64.ActiveCfg = Release|Any CPU
		{EDCB6A9F-CC1D-4A15-9219-E591541FD6CA}.Release|x64.Build.0 = Release|Any CPU
		{EDCB6A9F-CC1D-4A15-9219-E591541FD6CA}.Release|x86.ActiveCfg = Release|Any CPU
		{EDCB6A9F-CC1D-4A15-9219-E591541FD6CA}.Release|x86.Build.0 = Release|Any CPU
		{84C5B326-98C7-4D0F-8195-CE63CF913876}.Debug|Any CPU.ActiveCfg = Debug|Any CPU
		{84C5B326-98C7-4D0F-8195-CE63CF913876}.Debug|Any CPU.Build.0 = Debug|Any CPU
		{84C5B326-98C7-4D0F-8195-CE63CF913876}.Debug|x64.ActiveCfg = Debug|Any CPU
		{84C5B326-98C7-4D0F-8195-CE63CF913876}.Debug|x64.Build.0 = Debug|Any CPU
		{84C5B326-98C7-4D0F-8195-CE63CF913876}.Debug|x86.ActiveCfg = Debug|Any CPU
		{84C5B326-98C7-4D0F-8195-CE63CF913876}.Debug|x86.Build.0 = Debug|Any CPU
		{84C5B326-98C7-4D0F-8195-CE63CF913876}.Release|Any CPU.ActiveCfg = Release|Any CPU
		{84C5B326-98C7-4D0F-8195-CE63CF913876}.Release|Any CPU.Build.0 = Release|Any CPU
		{84C5B326-98C7-4D0F-8195-CE63CF913876}.Release|x64.ActiveCfg = Release|Any CPU
		{84C5B326-98C7-4D0F-8195-CE63CF913876}.Release|x64.Build.0 = Release|Any CPU
		{84C5B326-98C7-4D0F-8195-CE63CF913876}.Release|x86.ActiveCfg = Release|Any CPU
		{84C5B326-98C7-4D0F-8195-CE63CF913876}.Release|x86.Build.0 = Release|Any CPU
		{089FB508-C330-4534-AC0A-8AD556972D3C}.Debug|Any CPU.ActiveCfg = Debug|Any CPU
		{089FB508-C330-4534-AC0A-8AD556972D3C}.Debug|Any CPU.Build.0 = Debug|Any CPU
		{089FB508-C330-4534-AC0A-8AD556972D3C}.Debug|x64.ActiveCfg = Debug|Any CPU
		{089FB508-C330-4534-AC0A-8AD556972D3C}.Debug|x64.Build.0 = Debug|Any CPU
		{089FB508-C330-4534-AC0A-8AD556972D3C}.Debug|x86.ActiveCfg = Debug|Any CPU
		{089FB508-C330-4534-AC0A-8AD556972D3C}.Debug|x86.Build.0 = Debug|Any CPU
		{089FB508-C330-4534-AC0A-8AD556972D3C}.Release|Any CPU.ActiveCfg = Release|Any CPU
		{089FB508-C330-4534-AC0A-8AD556972D3C}.Release|Any CPU.Build.0 = Release|Any CPU
		{089FB508-C330-4534-AC0A-8AD556972D3C}.Release|x64.ActiveCfg = Release|Any CPU
		{089FB508-C330-4534-AC0A-8AD556972D3C}.Release|x64.Build.0 = Release|Any CPU
		{089FB508-C330-4534-AC0A-8AD556972D3C}.Release|x86.ActiveCfg = Release|Any CPU
		{089FB508-C330-4534-AC0A-8AD556972D3C}.Release|x86.Build.0 = Release|Any CPU
	EndGlobalSection
	GlobalSection(SolutionProperties) = preSolution
		HideSolutionNode = FALSE
	EndGlobalSection
	GlobalSection(NestedProjects) = preSolution
		{06FA278B-6512-19AD-3E11-13C005693F38} = {226567F5-DD15-7888-5BF1-C4407778305A}
		{239786A9-9C43-461E-8A3E-BF7C31681208} = {06FA278B-6512-19AD-3E11-13C005693F38}
		{23AED733-2B15-44D3-B4DC-A99628954DC0} = {06FA278B-6512-19AD-3E11-13C005693F38}
		{EDCB6A9F-CC1D-4A15-9219-E591541FD6CA} = {06FA278B-6512-19AD-3E11-13C005693F38}
		{84C5B326-98C7-4D0F-8195-CE63CF913876} = {06FA278B-6512-19AD-3E11-13C005693F38}
		{089FB508-C330-4534-AC0A-8AD556972D3C} = {06FA278B-6512-19AD-3E11-13C005693F38}
	EndGlobalSection
EndGlobal
