
Microsoft Visual Studio Solution File, Format Version 12.00
# Visual Studio Version 17
VisualStudioVersion = 17.0.31903.59
MinimumVisualStudioVersion = 10.0.40219.1
Project("{2150E333-8FDC-42A3-9474-1A3956D46DE8}") = "Client", "Client", "{02EA681E-C7D8-13C7-8484-4AC65E1B71E8}"
EndProject
Project("{2150E333-8FDC-42A3-9474-1A3956D46DE8}") = "Service", "Service", "{55EBD5FF-A834-4802-8AF8-B1A9FA20FDEC}"
EndProject
Project("{FAE04EC0-301F-11D3-BF4B-00C04F79EFBC}") = "Bingo.Client", "Client\src\Bingo.Client\Bingo.Client.csproj", "{4A993501-EAB8-9AAB-7992-92F8C8ADA1B3}"
EndProject
Project("{FAE04EC0-301F-11D3-BF4B-00C04F79EFBC}") = "Bingo.Api", "Service\src\Bingo.Api\Bingo.Api.csproj", "{A83135C3-1B3B-D5BB-1930-345773D9E081}"
EndProject
Project("{FAE04EC0-301F-11D3-BF4B-00C04F79EFBC}") = "Bingo.Application", "Service\src\Bingo.Application\Bingo.Application.csproj", "{49AC6C26-B2CE-1009-91AC-798C1B819239}"
EndProject
Project("{FAE04EC0-301F-11D3-BF4B-00C04F79EFBC}") = "Bingo.Domain", "Service\src\Bingo.Domain\Bingo.Domain.csproj", "{FD010969-D805-4983-0924-1AFB8587F5DA}"
EndProject
Project("{FAE04EC0-301F-11D3-BF4B-00C04F79EFBC}") = "Bingo.Infrastructure", "Service\src\Bingo.Infrastructure\Bingo.Infrastructure.csproj", "{327504EC-56F8-ABDF-8B32-DC3D7FDEB3E3}"
EndProject
Global
	GlobalSection(SolutionConfigurationPlatforms) = preSolution
		Debug|Any CPU = Debug|Any CPU
		Release|Any CPU = Release|Any CPU
	EndGlobalSection
	GlobalSection(ProjectConfigurationPlatforms) = postSolution
		{4A993501-EAB8-9AAB-7992-92F8C8ADA1B3}.Debug|Any CPU.ActiveCfg = Debug|Any CPU
		{4A993501-EAB8-9AAB-7992-92F8C8ADA1B3}.Debug|Any CPU.Build.0 = Debug|Any CPU
		{4A993501-EAB8-9AAB-7992-92F8C8ADA1B3}.Release|Any CPU.ActiveCfg = Release|Any CPU
		{4A993501-EAB8-9AAB-7992-92F8C8ADA1B3}.Release|Any CPU.Build.0 = Release|Any CPU
		{A83135C3-1B3B-D5BB-1930-345773D9E081}.Debug|Any CPU.ActiveCfg = Debug|Any CPU
		{A83135C3-1B3B-D5BB-1930-345773D9E081}.Debug|Any CPU.Build.0 = Debug|Any CPU
		{A83135C3-1B3B-D5BB-1930-345773D9E081}.Release|Any CPU.ActiveCfg = Release|Any CPU
		{A83135C3-1B3B-D5BB-1930-345773D9E081}.Release|Any CPU.Build.0 = Release|Any CPU
		{49AC6C26-B2CE-1009-91AC-798C1B819239}.Debug|Any CPU.ActiveCfg = Debug|Any CPU
		{49AC6C26-B2CE-1009-91AC-798C1B819239}.Debug|Any CPU.Build.0 = Debug|Any CPU
		{49AC6C26-B2CE-1009-91AC-798C1B819239}.Release|Any CPU.ActiveCfg = Release|Any CPU
		{49AC6C26-B2CE-1009-91AC-798C1B819239}.Release|Any CPU.Build.0 = Release|Any CPU
		{FD010969-D805-4983-0924-1AFB8587F5DA}.Debug|Any CPU.ActiveCfg = Debug|Any CPU
		{FD010969-D805-4983-0924-1AFB8587F5DA}.Debug|Any CPU.Build.0 = Debug|Any CPU
		{FD010969-D805-4983-0924-1AFB8587F5DA}.Release|Any CPU.ActiveCfg = Release|Any CPU
		{FD010969-D805-4983-0924-1AFB8587F5DA}.Release|Any CPU.Build.0 = Release|Any CPU
		{327504EC-56F8-ABDF-8B32-DC3D7FDEB3E3}.Debug|Any CPU.ActiveCfg = Debug|Any CPU
		{327504EC-56F8-ABDF-8B32-DC3D7FDEB3E3}.Debug|Any CPU.Build.0 = Debug|Any CPU
		{327504EC-56F8-ABDF-8B32-DC3D7FDEB3E3}.Release|Any CPU.ActiveCfg = Release|Any CPU
		{327504EC-56F8-ABDF-8B32-DC3D7FDEB3E3}.Release|Any CPU.Build.0 = Release|Any CPU
	EndGlobalSection
	GlobalSection(SolutionProperties) = preSolution
		HideSolutionNode = FALSE
	EndGlobalSection
	GlobalSection(NestedProjects) = preSolution
		{4A993501-EAB8-9AAB-7992-92F8C8ADA1B3} = {02EA681E-C7D8-13C7-8484-4AC65E1B71E8}
		{A83135C3-1B3B-D5BB-1930-345773D9E081} = {55EBD5FF-A834-4802-8AF8-B1A9FA20FDEC}
		{49AC6C26-B2CE-1009-91AC-798C1B819239} = {55EBD5FF-A834-4802-8AF8-B1A9FA20FDEC}
		{FD010969-D805-4983-0924-1AFB8587F5DA} = {55EBD5FF-A834-4802-8AF8-B1A9FA20FDEC}
		{327504EC-56F8-ABDF-8B32-DC3D7FDEB3E3} = {55EBD5FF-A834-4802-8AF8-B1A9FA20FDEC}
	EndGlobalSection
	GlobalSection(ExtensibilityGlobals) = postSolution
		SolutionGuid = {DEEE63BF-773E-47F5-BA6F-3ECCE1AA818E}
	EndGlobalSection
EndGlobal
